// !$*UTF8*$!
{
	archiveVersion = 1;
	classes = {
	};
	objectVersion = 55;
	objects = {

/* Begin PBXBuildFile section */
		FB2F3ACA2A9DD07A00043A95 /* AppDelegate.swift in Sources */ = {isa = PBXBuildFile; fileRef = FB2F3AC92A9DD07A00043A95 /* AppDelegate.swift */; };
		FB2F3ACC2A9DD07A00043A95 /* SceneDelegate.swift in Sources */ = {isa = PBXBuildFile; fileRef = FB2F3ACB2A9DD07A00043A95 /* SceneDelegate.swift */; };
		FB2F3ACE2A9DD07A00043A95 /* AlarmViewController.swift in Sources */ = {isa = PBXBuildFile; fileRef = FB2F3ACD2A9DD07A00043A95 /* AlarmViewController.swift */; };
		FB2F3AD32A9DD07C00043A95 /* Assets.xcassets in Resources */ = {isa = PBXBuildFile; fileRef = FB2F3AD22A9DD07C00043A95 /* Assets.xcassets */; };
		FB2F3AD62A9DD07C00043A95 /* LaunchScreen.storyboard in Resources */ = {isa = PBXBuildFile; fileRef = FB2F3AD42A9DD07C00043A95 /* LaunchScreen.storyboard */; };
		FB2F3ADE2A9DD2FE00043A95 /* Extension.swift in Sources */ = {isa = PBXBuildFile; fileRef = FB2F3ADD2A9DD2FE00043A95 /* Extension.swift */; };
		FB2F3AE32A9E0E3A00043A95 /* alarm_sound.caf in Resources */ = {isa = PBXBuildFile; fileRef = FB2F3AE22A9E0E3A00043A95 /* alarm_sound.caf */; };
		FB2F3AE52A9E175A00043A95 /* CloseAlarmViewController.swift in Sources */ = {isa = PBXBuildFile; fileRef = FB2F3AE42A9E175A00043A95 /* CloseAlarmViewController.swift */; };
		FB2F3AE72A9E330200043A95 /* wakeup_alarm.caf in Resources */ = {isa = PBXBuildFile; fileRef = FB2F3AE62A9E330200043A95 /* wakeup_alarm.caf */; };
		FBBD1C3B2A9E462400CA3DDE /* AlarmViewModel.swift in Sources */ = {isa = PBXBuildFile; fileRef = FBBD1C3A2A9E462400CA3DDE /* AlarmViewModel.swift */; };
/* End PBXBuildFile section */

/* Begin PBXFileReference section */
		FB2F3AC62A9DD07A00043A95 /* task3_app.app */ = {isa = PBXFileReference; explicitFileType = wrapper.application; includeInIndex = 0; path = task3_app.app; sourceTree = BUILT_PRODUCTS_DIR; };
		FB2F3AC92A9DD07A00043A95 /* AppDelegate.swift */ = {isa = PBXFileReference; lastKnownFileType = sourcecode.swift; path = AppDelegate.swift; sourceTree = "<group>"; };
		FB2F3ACB2A9DD07A00043A95 /* SceneDelegate.swift */ = {isa = PBXFileReference; lastKnownFileType = sourcecode.swift; path = SceneDelegate.swift; sourceTree = "<group>"; };
		FB2F3ACD2A9DD07A00043A95 /* AlarmViewController.swift */ = {isa = PBXFileReference; lastKnownFileType = sourcecode.swift; path = AlarmViewController.swift; sourceTree = "<group>"; };
		FB2F3AD22A9DD07C00043A95 /* Assets.xcassets */ = {isa = PBXFileReference; lastKnownFileType = folder.assetcatalog; path = Assets.xcassets; sourceTree = "<group>"; };
		FB2F3AD52A9DD07C00043A95 /* Base */ = {isa = PBXFileReference; lastKnownFileType = file.storyboard; name = Base; path = Base.lproj/LaunchScreen.storyboard; sourceTree = "<group>"; };
		FB2F3AD72A9DD07C00043A95 /* Info.plist */ = {isa = PBXFileReference; lastKnownFileType = text.plist.xml; path = Info.plist; sourceTree = "<group>"; };
		FB2F3ADD2A9DD2FE00043A95 /* Extension.swift */ = {isa = PBXFileReference; lastKnownFileType = sourcecode.swift; path = Extension.swift; sourceTree = "<group>"; };
		FB2F3AE22A9E0E3A00043A95 /* alarm_sound.caf */ = {isa = PBXFileReference; lastKnownFileType = file; path = alarm_sound.caf; sourceTree = "<group>"; };
		FB2F3AE42A9E175A00043A95 /* CloseAlarmViewController.swift */ = {isa = PBXFileReference; lastKnownFileType = sourcecode.swift; path = CloseAlarmViewController.swift; sourceTree = "<group>"; };
		FB2F3AE62A9E330200043A95 /* wakeup_alarm.caf */ = {isa = PBXFileReference; lastKnownFileType = file; path = wakeup_alarm.caf; sourceTree = "<group>"; };
		FBBD1C3A2A9E462400CA3DDE /* AlarmViewModel.swift */ = {isa = PBXFileReference; lastKnownFileType = sourcecode.swift; path = AlarmViewModel.swift; sourceTree = "<group>"; };
/* End PBXFileReference section */

/* Begin PBXFrameworksBuildPhase section */
		FB2F3AC32A9DD07A00043A95 /* Frameworks */ = {
			isa = PBXFrameworksBuildPhase;
			buildActionMask = 2147483647;
			files = (
			);
			runOnlyForDeploymentPostprocessing = 0;
		};
/* End PBXFrameworksBuildPhase section */

/* Begin PBXGroup section */
		FB2F3ABD2A9DD07A00043A95 = {
			isa = PBXGroup;
			children = (
				FB2F3AC82A9DD07A00043A95 /* task3_app */,
				FB2F3AC72A9DD07A00043A95 /* Products */,
			);
			sourceTree = "<group>";
		};
		FB2F3AC72A9DD07A00043A95 /* Products */ = {
			isa = PBXGroup;
			children = (
				FB2F3AC62A9DD07A00043A95 /* task3_app.app */,
			);
			name = Products;
			sourceTree = "<group>";
		};
		FB2F3AC82A9DD07A00043A95 /* task3_app */ = {
			isa = PBXGroup;
			children = (
				FB2F3AC92A9DD07A00043A95 /* AppDelegate.swift */,
				FB2F3ACB2A9DD07A00043A95 /* SceneDelegate.swift */,
				FB2F3ACD2A9DD07A00043A95 /* AlarmViewController.swift */,
				FB2F3AE42A9E175A00043A95 /* CloseAlarmViewController.swift */,
				FBBD1C3A2A9E462400CA3DDE /* AlarmViewModel.swift */,
				FBBD1C3C2A9E464700CA3DDE /* Utils */,
				FB2F3AD22A9DD07C00043A95 /* Assets.xcassets */,
				FB2F3AD42A9DD07C00043A95 /* LaunchScreen.storyboard */,
				FB2F3AD72A9DD07C00043A95 /* Info.plist */,
			);
			path = task3_app;
			sourceTree = "<group>";
		};
		FBBD1C3C2A9E464700CA3DDE /* Utils */ = {
			isa = PBXGroup;
			children = (
				FB2F3ADD2A9DD2FE00043A95 /* Extension.swift */,
				FB2F3AE22A9E0E3A00043A95 /* alarm_sound.caf */,
				FB2F3AE62A9E330200043A95 /* wakeup_alarm.caf */,
			);
			path = Utils;
			sourceTree = "<group>";
		};
/* End PBXGroup section */

/* Begin PBXNativeTarget section */
		FB2F3AC52A9DD07A00043A95 /* task3_app */ = {
			isa = PBXNativeTarget;
			buildConfigurationList = FB2F3ADA2A9DD07C00043A95 /* Build configuration list for PBXNativeTarget "task3_app" */;
			buildPhases = (
				FB2F3AC22A9DD07A00043A95 /* Sources */,
				FB2F3AC32A9DD07A00043A95 /* Frameworks */,
				FB2F3AC42A9DD07A00043A95 /* Resources */,
			);
			buildRules = (
			);
			dependencies = (
			);
			name = task3_app;
			productName = task3_app;
			productReference = FB2F3AC62A9DD07A00043A95 /* task3_app.app */;
			productType = "com.apple.product-type.application";
		};
/* End PBXNativeTarget section */

/* Begin PBXProject section */
		FB2F3ABE2A9DD07A00043A95 /* Project object */ = {
			isa = PBXProject;
			attributes = {
				BuildIndependentTargetsInParallel = 1;
				LastSwiftUpdateCheck = 1430;
				LastUpgradeCheck = 1430;
				TargetAttributes = {
					FB2F3AC52A9DD07A00043A95 = {
						CreatedOnToolsVersion = 14.3.1;
					};
				};
			};
			buildConfigurationList = FB2F3AC12A9DD07A00043A95 /* Build configuration list for PBXProject "task3_app" */;
			compatibilityVersion = "Xcode 13.0";
			developmentRegion = en;
			hasScannedForEncodings = 0;
			knownRegions = (
				en,
				Base,
			);
			mainGroup = FB2F3ABD2A9DD07A00043A95;
			productRefGroup = FB2F3AC72A9DD07A00043A95 /* Products */;
			projectDirPath = "";
			projectRoot = "";
			targets = (
				FB2F3AC52A9DD07A00043A95 /* task3_app */,
			);
		};
/* End PBXProject section */

/* Begin PBXResourcesBuildPhase section */
		FB2F3AC42A9DD07A00043A95 /* Resources */ = {
			isa = PBXResourcesBuildPhase;
			buildActionMask = 2147483647;
			files = (
				FB2F3AD62A9DD07C00043A95 /* LaunchScreen.storyboard in Resources */,
				FB2F3AE72A9E330200043A95 /* wakeup_alarm.caf in Resources */,
				FB2F3AE32A9E0E3A00043A95 /* alarm_sound.caf in Resources */,
				FB2F3AD32A9DD07C00043A95 /* Assets.xcassets in Resources */,
			);
			runOnlyForDeploymentPostprocessing = 0;
		};
/* End PBXResourcesBuildPhase section */

/* Begin PBXSourcesBuildPhase section */
		FB2F3AC22A9DD07A00043A95 /* Sources */ = {
			isa = PBXSourcesBuildPhase;
			buildActionMask = 2147483647;
			files = (
				FB2F3ACE2A9DD07A00043A95 /* AlarmViewController.swift in Sources */,
				FB2F3ACA2A9DD07A00043A95 /* AppDelegate.swift in Sources */,
				FB2F3AE52A9E175A00043A95 /* CloseAlarmViewController.swift in Sources */,
				FB2F3ACC2A9DD07A00043A95 /* SceneDelegate.swift in Sources */,
				FBBD1C3B2A9E462400CA3DDE /* AlarmViewModel.swift in Sources */,
				FB2F3ADE2A9DD2FE00043A95 /* Extension.swift in Sources */,
			);
			runOnlyForDeploymentPostprocessing = 0;
		};
/* End PBXSourcesBuildPhase section */

/* Begin PBXVariantGroup section */
		FB2F3AD42A9DD07C00043A95 /* LaunchScreen.storyboard */ = {
			isa = PBXVariantGroup;
			children = (
				FB2F3AD52A9DD07C00043A95 /* Base */,
			);
			name = LaunchScreen.storyboard;
			sourceTree = "<group>";
		};
/* End PBXVariantGroup section */

/* Begin XCBuildConfiguration section */
		FB2F3AD82A9DD07C00043A95 /* Debug */ = {
			isa = XCBuildConfiguration;
			buildSettings = {
				ALWAYS_SEARCH_USER_PATHS = NO;
				CLANG_ANALYZER_NONNULL = YES;
				CLANG_ANALYZER_NUMBER_OBJECT_CONVERSION = YES_AGGRESSIVE;
				CLANG_CXX_LANGUAGE_STANDARD = "gnu++20";
				CLANG_ENABLE_MODULES = YES;
				CLANG_ENABLE_OBJC_ARC = YES;
				CLANG_ENABLE_OBJC_WEAK = YES;
				CLANG_WARN_BLOCK_CAPTURE_AUTORELEASING = YES;
				CLANG_WARN_BOOL_CONVERSION = YES;
				CLANG_WARN_COMMA = YES;
				CLANG_WARN_CONSTANT_CONVERSION = YES;
				CLANG_WARN_DEPRECATED_OBJC_IMPLEMENTATIONS = YES;
				CLANG_WARN_DIRECT_OBJC_ISA_USAGE = YES_ERROR;
				CLANG_WARN_DOCUMENTATION_COMMENTS = YES;
				CLANG_WARN_EMPTY_BODY = YES;
				CLANG_WARN_ENUM_CONVERSION = YES;
				CLANG_WARN_INFINITE_RECURSION = YES;
				CLANG_WARN_INT_CONVERSION = YES;
				CLANG_WARN_NON_LITERAL_NULL_CONVERSION = YES;
				CLANG_WARN_OBJC_IMPLICIT_RETAIN_SELF = YES;
				CLANG_WARN_OBJC_LITERAL_CONVERSION = YES;
				CLANG_WARN_OBJC_ROOT_CLASS = YES_ERROR;
				CLANG_WARN_QUOTED_INCLUDE_IN_FRAMEWORK_HEADER = YES;
				CLANG_WARN_RANGE_LOOP_ANALYSIS = YES;
				CLANG_WARN_STRICT_PROTOTYPES = YES;
				CLANG_WARN_SUSPICIOUS_MOVE = YES;
				CLANG_WARN_UNGUARDED_AVAILABILITY = YES_AGGRESSIVE;
				CLANG_WARN_UNREACHABLE_CODE = YES;
				CLANG_WARN__DUPLICATE_METHOD_MATCH = YES;
				COPY_PHASE_STRIP = NO;
				DEBUG_INFORMATION_FORMAT = dwarf;
				ENABLE_STRICT_OBJC_MSGSEND = YES;
				ENABLE_TESTABILITY = YES;
				GCC_C_LANGUAGE_STANDARD = gnu11;
				GCC_DYNAMIC_NO_PIC = NO;
				GCC_NO_COMMON_BLOCKS = YES;
				GCC_OPTIMIZATION_LEVEL = 0;
				GCC_PREPROCESSOR_DEFINITIONS = (
					"DEBUG=1",
					"$(inherited)",
				);
				GCC_WARN_64_TO_32_BIT_CONVERSION = YES;
				GCC_WARN_ABOUT_RETURN_TYPE = YES_ERROR;
				GCC_WARN_UNDECLARED_SELECTOR = YES;
				GCC_WARN_UNINITIALIZED_AUTOS = YES_AGGRESSIVE;
				GCC_WARN_UNUSED_FUNCTION = YES;
				GCC_WARN_UNUSED_VARIABLE = YES;
				IPHONEOS_DEPLOYMENT_TARGET = 16.4;
				MTL_ENABLE_DEBUG_INFO = INCLUDE_SOURCE;
				MTL_FAST_MATH = YES;
				ONLY_ACTIVE_ARCH = YES;
				SDKROOT = iphoneos;
				SWIFT_ACTIVE_COMPILATION_CONDITIONS = DEBUG;
				SWIFT_OPTIMIZATION_LEVEL = "-Onone";
			};
			name = Debug;
		};
		FB2F3AD92A9DD07C00043A95 /* Release */ = {
			isa = XCBuildConfiguration;
			buildSettings = {
				ALWAYS_SEARCH_USER_PATHS = NO;
				CLANG_ANALYZER_NONNULL = YES;
				CLANG_ANALYZER_NUMBER_OBJECT_CONVERSION = YES_AGGRESSIVE;
				CLANG_CXX_LANGUAGE_STANDARD = "gnu++20";
				CLANG_ENABLE_MODULES = YES;
				CLANG_ENABLE_OBJC_ARC = YES;
				CLANG_ENABLE_OBJC_WEAK = YES;
				CLANG_WARN_BLOCK_CAPTURE_AUTORELEASING = YES;
				CLANG_WARN_BOOL_CONVERSION = YES;
				CLANG_WARN_COMMA = YES;
				CLANG_WARN_CONSTANT_CONVERSION = YES;
				CLANG_WARN_DEPRECATED_OBJC_IMPLEMENTATIONS = YES;
				CLANG_WARN_DIRECT_OBJC_ISA_USAGE = YES_ERROR;
				CLANG_WARN_DOCUMENTATION_COMMENTS = YES;
				CLANG_WARN_EMPTY_BODY = YES;
				CLANG_WARN_ENUM_CONVERSION = YES;
				CLANG_WARN_INFINITE_RECURSION = YES;
				CLANG_WARN_INT_CONVERSION = YES;
				CLANG_WARN_NON_LITERAL_NULL_CONVERSION = YES;
				CLANG_WARN_OBJC_IMPLICIT_RETAIN_SELF = YES;
				CLANG_WARN_OBJC_LITERAL_CONVERSION = YES;
				CLANG_WARN_OBJC_ROOT_CLASS = YES_ERROR;
				CLANG_WARN_QUOTED_INCLUDE_IN_FRAMEWORK_HEADER = YES;
				CLANG_WARN_RANGE_LOOP_ANALYSIS = YES;
				CLANG_WARN_STRICT_PROTOTYPES = YES;
				CLANG_WARN_SUSPICIOUS_MOVE = YES;
				CLANG_WARN_UNGUARDED_AVAILABILITY = YES_AGGRESSIVE;
				CLANG_WARN_UNREACHABLE_CODE = YES;
				CLANG_WARN__DUPLICATE_METHOD_MATCH = YES;
				COPY_PHASE_STRIP = NO;
				DEBUG_INFORMATION_FORMAT = "dwarf-with-dsym";
				ENABLE_NS_ASSERTIONS = NO;
				ENABLE_STRICT_OBJC_MSGSEND = YES;
				GCC_C_LANGUAGE_STANDARD = gnu11;
				GCC_NO_COMMON_BLOCKS = YES;
				GCC_WARN_64_TO_32_BIT_CONVERSION = YES;
				GCC_WARN_ABOUT_RETURN_TYPE = YES_ERROR;
				GCC_WARN_UNDECLARED_SELECTOR = YES;
				GCC_WARN_UNINITIALIZED_AUTOS = YES_AGGRESSIVE;
				GCC_WARN_UNUSED_FUNCTION = YES;
				GCC_WARN_UNUSED_VARIABLE = YES;
				IPHONEOS_DEPLOYMENT_TARGET = 16.4;
				MTL_ENABLE_DEBUG_INFO = NO;
				MTL_FAST_MATH = YES;
				SDKROOT = iphoneos;
				SWIFT_COMPILATION_MODE = wholemodule;
				SWIFT_OPTIMIZATION_LEVEL = "-O";
				VALIDATE_PRODUCT = YES;
			};
			name = Release;
		};
		FB2F3ADB2A9DD07C00043A95 /* Debug */ = {
			isa = XCBuildConfiguration;
			buildSettings = {
				ASSETCATALOG_COMPILER_APPICON_NAME = AppIcon;
				ASSETCATALOG_COMPILER_GLOBAL_ACCENT_COLOR_NAME = AccentColor;
				CODE_SIGN_STYLE = Automatic;
				CURRENT_PROJECT_VERSION = 1;
				DEVELOPMENT_TEAM = A94ZNMJSTF;
				GENERATE_INFOPLIST_FILE = YES;
				INFOPLIST_FILE = task3_app/Info.plist;
				INFOPLIST_KEY_UIApplicationSupportsIndirectInputEvents = YES;
				INFOPLIST_KEY_UILaunchStoryboardName = LaunchScreen;
				INFOPLIST_KEY_UISupportedInterfaceOrientations = UIInterfaceOrientationPortrait;
				INFOPLIST_KEY_UISupportedInterfaceOrientations_iPad = "UIInterfaceOrientationLandscapeLeft UIInterfaceOrientationLandscapeRight UIInterfaceOrientationPortrait UIInterfaceOrientationPortraitUpsideDown";
				IPHONEOS_DEPLOYMENT_TARGET = 15.0;
				LD_RUNPATH_SEARCH_PATHS = (
					"$(inherited)",
					"@executable_path/Frameworks",
				);
				MARKETING_VERSION = 1.0;
				PRODUCT_BUNDLE_IDENTIFIER = "com.muratala.task3-app";
				PRODUCT_NAME = "$(TARGET_NAME)";
				SWIFT_EMIT_LOC_STRINGS = YES;
				SWIFT_VERSION = 5.0;
				TARGETED_DEVICE_FAMILY = "1,2";
			};
			name = Debug;
		};
		FB2F3ADC2A9DD07C00043A95 /* Release */ = {
			isa = XCBuildConfiguration;
			buildSettings = {
				ASSETCATALOG_COMPILER_APPICON_NAME = AppIcon;
				ASSETCATALOG_COMPILER_GLOBAL_ACCENT_COLOR_NAME = AccentColor;
				CODE_SIGN_STYLE = Automatic;
				CURRENT_PROJECT_VERSION = 1;
				DEVELOPMENT_TEAM = A94ZNMJSTF;
				GENERATE_INFOPLIST_FILE = YES;
				INFOPLIST_FILE = task3_app/Info.plist;
				INFOPLIST_KEY_UIApplicationSupportsIndirectInputEvents = YES;
				INFOPLIST_KEY_UILaunchStoryboardName = LaunchScreen;
				INFOPLIST_KEY_UISupportedInterfaceOrientations = UIInterfaceOrientationPortrait;
				INFOPLIST_KEY_UISupportedInterfaceOrientations_iPad = "UIInterfaceOrientationLandscapeLeft UIInterfaceOrientationLandscapeRight UIInterfaceOrientationPortrait UIInterfaceOrientationPortraitUpsideDown";
				IPHONEOS_DEPLOYMENT_TARGET = 15.0;
				LD_RUNPATH_SEARCH_PATHS = (
					"$(inherited)",
					"@executable_path/Frameworks",
				);
				MARKETING_VERSION = 1.0;
				PRODUCT_BUNDLE_IDENTIFIER = "com.muratala.task3-app";
				PRODUCT_NAME = "$(TARGET_NAME)";
				SWIFT_EMIT_LOC_STRINGS = YES;
				SWIFT_VERSION = 5.0;
				TARGETED_DEVICE_FAMILY = "1,2";
			};
			name = Release;
		};
/* End XCBuildConfiguration section */

/* Begin XCConfigurationList section */
		FB2F3AC12A9DD07A00043A95 /* Build configuration list for PBXProject "task3_app" */ = {
			isa = XCConfigurationList;
			buildConfigurations = (
				FB2F3AD82A9DD07C00043A95 /* Debug */,
				FB2F3AD92A9DD07C00043A95 /* Release */,
			);
			defaultConfigurationIsVisible = 0;
			defaultConfigurationName = Release;
		};
		FB2F3ADA2A9DD07C00043A95 /* Build configuration list for PBXNativeTarget "task3_app" */ = {
			isa = XCConfigurationList;
			buildConfigurations = (
				FB2F3ADB2A9DD07C00043A95 /* Debug */,
				FB2F3ADC2A9DD07C00043A95 /* Release */,
			);
			defaultConfigurationIsVisible = 0;
			defaultConfigurationName = Release;
		};
/* End XCConfigurationList section */
	};
	rootObject = FB2F3ABE2A9DD07A00043A95 /* Project object */;
}
