// !$*UTF8*$!
{
	archiveVersion = 1;
	classes = {
	};
	objectVersion = 56;
	objects = {

/* Begin PBXBuildFile section */
		FB2EDA832AA1225100A693D3 /* AppDelegate.swift in Sources */ = {isa = PBXBuildFile; fileRef = FB2EDA822AA1225100A693D3 /* AppDelegate.swift */; };
		FB2EDA852AA1225100A693D3 /* SceneDelegate.swift in Sources */ = {isa = PBXBuildFile; fileRef = FB2EDA842AA1225100A693D3 /* SceneDelegate.swift */; };
		FB2EDA872AA1225100A693D3 /* ViewController.swift in Sources */ = {isa = PBXBuildFile; fileRef = FB2EDA862AA1225100A693D3 /* ViewController.swift */; };
		FB2EDA8A2AA1225100A693D3 /* Main.storyboard in Resources */ = {isa = PBXBuildFile; fileRef = FB2EDA882AA1225100A693D3 /* Main.storyboard */; };
		FB2EDA8C2AA1225300A693D3 /* Assets.xcassets in Resources */ = {isa = PBXBuildFile; fileRef = FB2EDA8B2AA1225300A693D3 /* Assets.xcassets */; };
		FB2EDA8F2AA1225300A693D3 /* LaunchScreen.storyboard in Resources */ = {isa = PBXBuildFile; fileRef = FB2EDA8D2AA1225300A693D3 /* LaunchScreen.storyboard */; };
		FB2EDA972AA1252E00A693D3 /* PlaylistCell.swift in Sources */ = {isa = PBXBuildFile; fileRef = FB2EDA962AA1252E00A693D3 /* PlaylistCell.swift */; };
		FB2EDA992AA1284F00A693D3 /* Extension.swift in Sources */ = {isa = PBXBuildFile; fileRef = FB2EDA982AA1284F00A693D3 /* Extension.swift */; };
		FB2EDA9C2AA138EB00A693D3 /* SDWebImage in Frameworks */ = {isa = PBXBuildFile; productRef = FB2EDA9B2AA138EB00A693D3 /* SDWebImage */; };
/* End PBXBuildFile section */

/* Begin PBXFileReference section */
		FB2EDA7F2AA1225100A693D3 /* task5_appp.app */ = {isa = PBXFileReference; explicitFileType = wrapper.application; includeInIndex = 0; path = task5_appp.app; sourceTree = BUILT_PRODUCTS_DIR; };
		FB2EDA822AA1225100A693D3 /* AppDelegate.swift */ = {isa = PBXFileReference; lastKnownFileType = sourcecode.swift; path = AppDelegate.swift; sourceTree = "<group>"; };
		FB2EDA842AA1225100A693D3 /* SceneDelegate.swift */ = {isa = PBXFileReference; lastKnownFileType = sourcecode.swift; path = SceneDelegate.swift; sourceTree = "<group>"; };
		FB2EDA862AA1225100A693D3 /* ViewController.swift */ = {isa = PBXFileReference; lastKnownFileType = sourcecode.swift; path = ViewController.swift; sourceTree = "<group>"; };
		FB2EDA892AA1225100A693D3 /* Base */ = {isa = PBXFileReference; lastKnownFileType = file.storyboard; name = Base; path = Base.lproj/Main.storyboard; sourceTree = "<group>"; };
		FB2EDA8B2AA1225300A693D3 /* Assets.xcassets */ = {isa = PBXFileReference; lastKnownFileType = folder.assetcatalog; path = Assets.xcassets; sourceTree = "<group>"; };
		FB2EDA8E2AA1225300A693D3 /* Base */ = {isa = PBXFileReference; lastKnownFileType = file.storyboard; name = Base; path = Base.lproj/LaunchScreen.storyboard; sourceTree = "<group>"; };
		FB2EDA902AA1225300A693D3 /* Info.plist */ = {isa = PBXFileReference; lastKnownFileType = text.plist.xml; path = Info.plist; sourceTree = "<group>"; };
		FB2EDA962AA1252E00A693D3 /* PlaylistCell.swift */ = {isa = PBXFileReference; lastKnownFileType = sourcecode.swift; path = PlaylistCell.swift; sourceTree = "<group>"; };
		FB2EDA982AA1284F00A693D3 /* Extension.swift */ = {isa = PBXFileReference; fileEncoding = 4; lastKnownFileType = sourcecode.swift; path = Extension.swift; sourceTree = "<group>"; };
/* End PBXFileReference section */

/* Begin PBXFrameworksBuildPhase section */
		FB2EDA7C2AA1225100A693D3 /* Frameworks */ = {
			isa = PBXFrameworksBuildPhase;
			buildActionMask = 2147483647;
			files = (
				FB2EDA9C2AA138EB00A693D3 /* SDWebImage in Frameworks */,
			);
			runOnlyForDeploymentPostprocessing = 0;
		};
/* End PBXFrameworksBuildPhase section */

/* Begin PBXGroup section */
		FB2EDA762AA1225100A693D3 = {
			isa = PBXGroup;
			children = (
				FB2EDA812AA1225100A693D3 /* task5_appp */,
				FB2EDA802AA1225100A693D3 /* Products */,
			);
			sourceTree = "<group>";
		};
		FB2EDA802AA1225100A693D3 /* Products */ = {
			isa = PBXGroup;
			children = (
				FB2EDA7F2AA1225100A693D3 /* task5_appp.app */,
			);
			name = Products;
			sourceTree = "<group>";
		};
		FB2EDA812AA1225100A693D3 /* task5_appp */ = {
			isa = PBXGroup;
			children = (
				FB2EDA822AA1225100A693D3 /* AppDelegate.swift */,
				FB2EDA842AA1225100A693D3 /* SceneDelegate.swift */,
				FB2EDA862AA1225100A693D3 /* ViewController.swift */,
				FB2EDA962AA1252E00A693D3 /* PlaylistCell.swift */,
				FB2EDA882AA1225100A693D3 /* Main.storyboard */,
				FB2EDA8B2AA1225300A693D3 /* Assets.xcassets */,
				FB2EDA8D2AA1225300A693D3 /* LaunchScreen.storyboard */,
				FB2EDA902AA1225300A693D3 /* Info.plist */,
				FB2EDA982AA1284F00A693D3 /* Extension.swift */,
			);
			path = task5_appp;
			sourceTree = "<group>";
		};
/* End PBXGroup section */

/* Begin PBXNativeTarget section */
		FB2EDA7E2AA1225100A693D3 /* task5_appp */ = {
			isa = PBXNativeTarget;
			buildConfigurationList = FB2EDA932AA1225300A693D3 /* Build configuration list for PBXNativeTarget "task5_appp" */;
			buildPhases = (
				FB2EDA7B2AA1225100A693D3 /* Sources */,
				FB2EDA7C2AA1225100A693D3 /* Frameworks */,
				FB2EDA7D2AA1225100A693D3 /* Resources */,
			);
			buildRules = (
			);
			dependencies = (
			);
			name = task5_appp;
			packageProductDependencies = (
				FB2EDA9B2AA138EB00A693D3 /* SDWebImage */,
			);
			productName = task5_appp;
			productReference = FB2EDA7F2AA1225100A693D3 /* task5_appp.app */;
			productType = "com.apple.product-type.application";
		};
/* End PBXNativeTarget section */

/* Begin PBXProject section */
		FB2EDA772AA1225100A693D3 /* Project object */ = {
			isa = PBXProject;
			attributes = {
				BuildIndependentTargetsInParallel = 1;
				LastSwiftUpdateCheck = 1430;
				LastUpgradeCheck = 1430;
				TargetAttributes = {
					FB2EDA7E2AA1225100A693D3 = {
						CreatedOnToolsVersion = 14.3.1;
					};
				};
			};
			buildConfigurationList = FB2EDA7A2AA1225100A693D3 /* Build configuration list for PBXProject "task5_appp" */;
			compatibilityVersion = "Xcode 14.0";
			developmentRegion = en;
			hasScannedForEncodings = 0;
			knownRegions = (
				en,
				Base,
			);
			mainGroup = FB2EDA762AA1225100A693D3;
			packageReferences = (
				FB2EDA9A2AA138EB00A693D3 /* XCRemoteSwiftPackageReference "SDWebImage" */,
			);
			productRefGroup = FB2EDA802AA1225100A693D3 /* Products */;
			projectDirPath = "";
			projectRoot = "";
			targets = (
				FB2EDA7E2AA1225100A693D3 /* task5_appp */,
			);
		};
/* End PBXProject section */

/* Begin PBXResourcesBuildPhase section */
		FB2EDA7D2AA1225100A693D3 /* Resources */ = {
			isa = PBXResourcesBuildPhase;
			buildActionMask = 2147483647;
			files = (
				FB2EDA8F2AA1225300A693D3 /* LaunchScreen.storyboard in Resources */,
				FB2EDA8C2AA1225300A693D3 /* Assets.xcassets in Resources */,
				FB2EDA8A2AA1225100A693D3 /* Main.storyboard in Resources */,
			);
			runOnlyForDeploymentPostprocessing = 0;
		};
/* End PBXResourcesBuildPhase section */

/* Begin PBXSourcesBuildPhase section */
		FB2EDA7B2AA1225100A693D3 /* Sources */ = {
			isa = PBXSourcesBuildPhase;
			buildActionMask = 2147483647;
			files = (
				FB2EDA992AA1284F00A693D3 /* Extension.swift in Sources */,
				FB2EDA872AA1225100A693D3 /* ViewController.swift in Sources */,
				FB2EDA832AA1225100A693D3 /* AppDelegate.swift in Sources */,
				FB2EDA852AA1225100A693D3 /* SceneDelegate.swift in Sources */,
				FB2EDA972AA1252E00A693D3 /* PlaylistCell.swift in Sources */,
			);
			runOnlyForDeploymentPostprocessing = 0;
		};
/* End PBXSourcesBuildPhase section */

/* Begin PBXVariantGroup section */
		FB2EDA882AA1225100A693D3 /* Main.storyboard */ = {
			isa = PBXVariantGroup;
			children = (
				FB2EDA892AA1225100A693D3 /* Base */,
			);
			name = Main.storyboard;
			sourceTree = "<group>";
		};
		FB2EDA8D2AA1225300A693D3 /* LaunchScreen.storyboard */ = {
			isa = PBXVariantGroup;
			children = (
				FB2EDA8E2AA1225300A693D3 /* Base */,
			);
			name = LaunchScreen.storyboard;
			sourceTree = "<group>";
		};
/* End PBXVariantGroup section */

/* Begin XCBuildConfiguration section */
		FB2EDA912AA1225300A693D3 /* Debug */ = {
			isa = XCBuildConfiguration;
			buildSettings = {
				ALWAYS_SEARCH_USER_PATHS = NO;
				CLANG_ANALYZER_NONNULL = YES;
				CLANG_ANALYZER_NUMBER_OBJECT_CONVERSION = YES_AGGRESSIVE;
				CLANG_CXX_LANGUAGE_STANDARD = "gnu++20";
				CLANG_ENABLE_MODULES = YES;
				CLANG_ENABLE_OBJC_ARC = YES;
				CLANG_ENABLE_OBJC_WEAK = YES;
				CLANG_WARN_BLOCK_CAPTURE_AUTORELEASING = YES;
				CLANG_WARN_BOOL_CONVERSION = YES;
				CLANG_WARN_COMMA = YES;
				CLANG_WARN_CONSTANT_CONVERSION = YES;
				CLANG_WARN_DEPRECATED_OBJC_IMPLEMENTATIONS = YES;
				CLANG_WARN_DIRECT_OBJC_ISA_USAGE = YES_ERROR;
				CLANG_WARN_DOCUMENTATION_COMMENTS = YES;
				CLANG_WARN_EMPTY_BODY = YES;
				CLANG_WARN_ENUM_CONVERSION = YES;
				CLANG_WARN_INFINITE_RECURSION = YES;
				CLANG_WARN_INT_CONVERSION = YES;
				CLANG_WARN_NON_LITERAL_NULL_CONVERSION = YES;
				CLANG_WARN_OBJC_IMPLICIT_RETAIN_SELF = YES;
				CLANG_WARN_OBJC_LITERAL_CONVERSION = YES;
				CLANG_WARN_OBJC_ROOT_CLASS = YES_ERROR;
				CLANG_WARN_QUOTED_INCLUDE_IN_FRAMEWORK_HEADER = YES;
				CLANG_WARN_RANGE_LOOP_ANALYSIS = YES;
				CLANG_WARN_STRICT_PROTOTYPES = YES;
				CLANG_WARN_SUSPICIOUS_MOVE = YES;
				CLANG_WARN_UNGUARDED_AVAILABILITY = YES_AGGRESSIVE;
				CLANG_WARN_UNREACHABLE_CODE = YES;
				CLANG_WARN__DUPLICATE_METHOD_MATCH = YES;
				COPY_PHASE_STRIP = NO;
				DEBUG_INFORMATION_FORMAT = dwarf;
				ENABLE_STRICT_OBJC_MSGSEND = YES;
				ENABLE_TESTABILITY = YES;
				GCC_C_LANGUAGE_STANDARD = gnu11;
				GCC_DYNAMIC_NO_PIC = NO;
				GCC_NO_COMMON_BLOCKS = YES;
				GCC_OPTIMIZATION_LEVEL = 0;
				GCC_PREPROCESSOR_DEFINITIONS = (
					"DEBUG=1",
					"$(inherited)",
				);
				GCC_WARN_64_TO_32_BIT_CONVERSION = YES;
				GCC_WARN_ABOUT_RETURN_TYPE = YES_ERROR;
				GCC_WARN_UNDECLARED_SELECTOR = YES;
				GCC_WARN_UNINITIALIZED_AUTOS = YES_AGGRESSIVE;
				GCC_WARN_UNUSED_FUNCTION = YES;
				GCC_WARN_UNUSED_VARIABLE = YES;
				IPHONEOS_DEPLOYMENT_TARGET = 16.4;
				MTL_ENABLE_DEBUG_INFO = INCLUDE_SOURCE;
				MTL_FAST_MATH = YES;
				ONLY_ACTIVE_ARCH = YES;
				SDKROOT = iphoneos;
				SWIFT_ACTIVE_COMPILATION_CONDITIONS = DEBUG;
				SWIFT_OPTIMIZATION_LEVEL = "-Onone";
			};
			name = Debug;
		};
		FB2EDA922AA1225300A693D3 /* Release */ = {
			isa = XCBuildConfiguration;
			buildSettings = {
				ALWAYS_SEARCH_USER_PATHS = NO;
				CLANG_ANALYZER_NONNULL = YES;
				CLANG_ANALYZER_NUMBER_OBJECT_CONVERSION = YES_AGGRESSIVE;
				CLANG_CXX_LANGUAGE_STANDARD = "gnu++20";
				CLANG_ENABLE_MODULES = YES;
				CLANG_ENABLE_OBJC_ARC = YES;
				CLANG_ENABLE_OBJC_WEAK = YES;
				CLANG_WARN_BLOCK_CAPTURE_AUTORELEASING = YES;
				CLANG_WARN_BOOL_CONVERSION = YES;
				CLANG_WARN_COMMA = YES;
				CLANG_WARN_CONSTANT_CONVERSION = YES;
				CLANG_WARN_DEPRECATED_OBJC_IMPLEMENTATIONS = YES;
				CLANG_WARN_DIRECT_OBJC_ISA_USAGE = YES_ERROR;
				CLANG_WARN_DOCUMENTATION_COMMENTS = YES;
				CLANG_WARN_EMPTY_BODY = YES;
				CLANG_WARN_ENUM_CONVERSION = YES;
				CLANG_WARN_INFINITE_RECURSION = YES;
				CLANG_WARN_INT_CONVERSION = YES;
				CLANG_WARN_NON_LITERAL_NULL_CONVERSION = YES;
				CLANG_WARN_OBJC_IMPLICIT_RETAIN_SELF = YES;
				CLANG_WARN_OBJC_LITERAL_CONVERSION = YES;
				CLANG_WARN_OBJC_ROOT_CLASS = YES_ERROR;
				CLANG_WARN_QUOTED_INCLUDE_IN_FRAMEWORK_HEADER = YES;
				CLANG_WARN_RANGE_LOOP_ANALYSIS = YES;
				CLANG_WARN_STRICT_PROTOTYPES = YES;
				CLANG_WARN_SUSPICIOUS_MOVE = YES;
				CLANG_WARN_UNGUARDED_AVAILABILITY = YES_AGGRESSIVE;
				CLANG_WARN_UNREACHABLE_CODE = YES;
				CLANG_WARN__DUPLICATE_METHOD_MATCH = YES;
				COPY_PHASE_STRIP = NO;
				DEBUG_INFORMATION_FORMAT = "dwarf-with-dsym";
				ENABLE_NS_ASSERTIONS = NO;
				ENABLE_STRICT_OBJC_MSGSEND = YES;
				GCC_C_LANGUAGE_STANDARD = gnu11;
				GCC_NO_COMMON_BLOCKS = YES;
				GCC_WARN_64_TO_32_BIT_CONVERSION = YES;
				GCC_WARN_ABOUT_RETURN_TYPE = YES_ERROR;
				GCC_WARN_UNDECLARED_SELECTOR = YES;
				GCC_WARN_UNINITIALIZED_AUTOS = YES_AGGRESSIVE;
				GCC_WARN_UNUSED_FUNCTION = YES;
				GCC_WARN_UNUSED_VARIABLE = YES;
				IPHONEOS_DEPLOYMENT_TARGET = 16.4;
				MTL_ENABLE_DEBUG_INFO = NO;
				MTL_FAST_MATH = YES;
				SDKROOT = iphoneos;
				SWIFT_COMPILATION_MODE = wholemodule;
				SWIFT_OPTIMIZATION_LEVEL = "-O";
				VALIDATE_PRODUCT = YES;
			};
			name = Release;
		};
		FB2EDA942AA1225300A693D3 /* Debug */ = {
			isa = XCBuildConfiguration;
			buildSettings = {
				ASSETCATALOG_COMPILER_APPICON_NAME = AppIcon;
				ASSETCATALOG_COMPILER_GLOBAL_ACCENT_COLOR_NAME = AccentColor;
				CODE_SIGN_STYLE = Automatic;
				CURRENT_PROJECT_VERSION = 1;
				DEVELOPMENT_TEAM = A94ZNMJSTF;
				GENERATE_INFOPLIST_FILE = YES;
				INFOPLIST_FILE = task5_appp/Info.plist;
				INFOPLIST_KEY_UIApplicationSupportsIndirectInputEvents = YES;
				INFOPLIST_KEY_UILaunchStoryboardName = LaunchScreen;
				INFOPLIST_KEY_UIMainStoryboardFile = Main;
				INFOPLIST_KEY_UISupportedInterfaceOrientations_iPad = "UIInterfaceOrientationPortrait UIInterfaceOrientationPortraitUpsideDown UIInterfaceOrientationLandscapeLeft UIInterfaceOrientationLandscapeRight";
				INFOPLIST_KEY_UISupportedInterfaceOrientations_iPhone = "UIInterfaceOrientationPortrait UIInterfaceOrientationLandscapeLeft UIInterfaceOrientationLandscapeRight";
				LD_RUNPATH_SEARCH_PATHS = (
					"$(inherited)",
					"@executable_path/Frameworks",
				);
				MARKETING_VERSION = 1.0;
				PRODUCT_BUNDLE_IDENTIFIER = "com.muratala.task5-appp";
				PRODUCT_NAME = "$(TARGET_NAME)";
				SWIFT_EMIT_LOC_STRINGS = YES;
				SWIFT_VERSION = 5.0;
				TARGETED_DEVICE_FAMILY = "1,2";
			};
			name = Debug;
		};
		FB2EDA952AA1225300A693D3 /* Release */ = {
			isa = XCBuildConfiguration;
			buildSettings = {
				ASSETCATALOG_COMPILER_APPICON_NAME = AppIcon;
				ASSETCATALOG_COMPILER_GLOBAL_ACCENT_COLOR_NAME = AccentColor;
				CODE_SIGN_STYLE = Automatic;
				CURRENT_PROJECT_VERSION = 1;
				DEVELOPMENT_TEAM = A94ZNMJSTF;
				GENERATE_INFOPLIST_FILE = YES;
				INFOPLIST_FILE = task5_appp/Info.plist;
				INFOPLIST_KEY_UIApplicationSupportsIndirectInputEvents = YES;
				INFOPLIST_KEY_UILaunchStoryboardName = LaunchScreen;
				INFOPLIST_KEY_UIMainStoryboardFile = Main;
				INFOPLIST_KEY_UISupportedInterfaceOrientations_iPad = "UIInterfaceOrientationPortrait UIInterfaceOrientationPortraitUpsideDown UIInterfaceOrientationLandscapeLeft UIInterfaceOrientationLandscapeRight";
				INFOPLIST_KEY_UISupportedInterfaceOrientations_iPhone = "UIInterfaceOrientationPortrait UIInterfaceOrientationLandscapeLeft UIInterfaceOrientationLandscapeRight";
				LD_RUNPATH_SEARCH_PATHS = (
					"$(inherited)",
					"@executable_path/Frameworks",
				);
				MARKETING_VERSION = 1.0;
				PRODUCT_BUNDLE_IDENTIFIER = "com.muratala.task5-appp";
				PRODUCT_NAME = "$(TARGET_NAME)";
				SWIFT_EMIT_LOC_STRINGS = YES;
				SWIFT_VERSION = 5.0;
				TARGETED_DEVICE_FAMILY = "1,2";
			};
			name = Release;
		};
/* End XCBuildConfiguration section */

/* Begin XCConfigurationList section */
		FB2EDA7A2AA1225100A693D3 /* Build configuration list for PBXProject "task5_appp" */ = {
			isa = XCConfigurationList;
			buildConfigurations = (
				FB2EDA912AA1225300A693D3 /* Debug */,
				FB2EDA922AA1225300A693D3 /* Release */,
			);
			defaultConfigurationIsVisible = 0;
			defaultConfigurationName = Release;
		};
		FB2EDA932AA1225300A693D3 /* Build configuration list for PBXNativeTarget "task5_appp" */ = {
			isa = XCConfigurationList;
			buildConfigurations = (
				FB2EDA942AA1225300A693D3 /* Debug */,
				FB2EDA952AA1225300A693D3 /* Release */,
			);
			defaultConfigurationIsVisible = 0;
			defaultConfigurationName = Release;
		};
/* End XCConfigurationList section */

/* Begin XCRemoteSwiftPackageReference section */
		FB2EDA9A2AA138EB00A693D3 /* XCRemoteSwiftPackageReference "SDWebImage" */ = {
			isa = XCRemoteSwiftPackageReference;
			repositoryURL = "https://github.com/SDWebImage/SDWebImage";
			requirement = {
				kind = upToNextMajorVersion;
				minimumVersion = 5.0.0;
			};
		};
/* End XCRemoteSwiftPackageReference section */

/* Begin XCSwiftPackageProductDependency section */
		FB2EDA9B2AA138EB00A693D3 /* SDWebImage */ = {
			isa = XCSwiftPackageProductDependency;
			package = FB2EDA9A2AA138EB00A693D3 /* XCRemoteSwiftPackageReference "SDWebImage" */;
			productName = SDWebImage;
		};
/* End XCSwiftPackageProductDependency section */
	};
	rootObject = FB2EDA772AA1225100A693D3 /* Project object */;
}
